{
  "name": "@addasoft/skeleton-component-generator",
  "version": "1.0.7",
  "lockfileVersion": 3,
  "requires": true,
  "packages": {
    "": {
      "name": "@addasoft/skeleton-component-generator",
      "version": "1.0.7",
      "license": "MIT",
      "dependencies": {
        "commander": "^12.1.0",
        "prettier": "^3.3.3"
      },
      "bin": {
        "skeleton-component-generator": "index.js"
      },
      "devDependencies": {
        "tslib": "^2.6.3"
      },
      "engines": {
        "node": "^20.16.0"
      },
      "peerDependencies": {
        "lit": "^3.1.4"
      }
    },
    "node_modules/@lit-labs/ssr-dom-shim": {
      "version": "1.2.1",
      "resolved": "https://registry.npmjs.org/@lit-labs/ssr-dom-shim/-/ssr-dom-shim-1.2.1.tgz",
      "integrity": "sha512-wx4aBmgeGvFmOKucFKY+8VFJSYZxs9poN3SDNQFF6lT6NrQUnHiPB2PWz2sc4ieEcAaYYzN+1uWahEeTq2aRIQ==",
      "license": "BSD-3-Clause",
      "peer": true
    },
    "node_modules/@lit/reactive-element": {
      "version": "2.0.4",
      "resolved": "https://registry.npmjs.org/@lit/reactive-element/-/reactive-element-2.0.4.tgz",
      "integrity": "sha512-GFn91inaUa2oHLak8awSIigYz0cU0Payr1rcFsrkf5OJ5eSPxElyZfKh0f2p9FsTiZWXQdWGJeXZICEfXXYSXQ==",
      "license": "BSD-3-Clause",
      "peer": true,
      "dependencies": {
        "@lit-labs/ssr-dom-shim": "^1.2.0"
      }
    },
    "node_modules/@types/trusted-types": {
      "version": "2.0.7",
      "resolved": "https://registry.npmjs.org/@types/trusted-types/-/trusted-types-2.0.7.tgz",
      "integrity": "sha512-ScaPdn1dQczgbl0QFTeTOmVHFULt394XJgOQNoyVhZ6r2vLnMLJfBPd53SB52T/3G36VI1/g2MZaX0cwDuXsfw==",
      "license": "MIT",
      "peer": true
    },
    "node_modules/commander": {
      "version": "12.1.0",
      "resolved": "https://registry.npmjs.org/commander/-/commander-12.1.0.tgz",
      "integrity": "sha512-Vw8qHK3bZM9y/P10u3Vib8o/DdkvA2OtPtZvD871QKjy74Wj1WSKFILMPRPSdUSx5RFK1arlJzEtA4PkFgnbuA==",
      "license": "MIT",
      "engines": {
        "node": ">=18"
      }
    },
    "node_modules/lit": {
      "version": "3.2.0",
      "resolved": "https://registry.npmjs.org/lit/-/lit-3.2.0.tgz",
      "integrity": "sha512-s6tI33Lf6VpDu7u4YqsSX78D28bYQulM+VAzsGch4fx2H0eLZnJsUBsPWmGYSGoKDNbjtRv02rio1o+UdPVwvw==",
      "license": "BSD-3-Clause",
      "peer": true,
      "dependencies": {
        "@lit/reactive-element": "^2.0.4",
        "lit-element": "^4.1.0",
        "lit-html": "^3.2.0"
      }
    },
    "node_modules/lit-element": {
      "version": "4.1.0",
      "resolved": "https://registry.npmjs.org/lit-element/-/lit-element-4.1.0.tgz",
      "integrity": "sha512-gSejRUQJuMQjV2Z59KAS/D4iElUhwKpIyJvZ9w+DIagIQjfJnhR20h2Q5ddpzXGS+fF0tMZ/xEYGMnKmaI/iww==",
      "license": "BSD-3-Clause",
      "peer": true,
      "dependencies": {
        "@lit-labs/ssr-dom-shim": "^1.2.0",
        "@lit/reactive-element": "^2.0.4",
        "lit-html": "^3.2.0"
      }
    },
    "node_modules/lit-html": {
      "version": "3.2.0",
      "resolved": "https://registry.npmjs.org/lit-html/-/lit-html-3.2.0.tgz",
      "integrity": "sha512-pwT/HwoxqI9FggTrYVarkBKFN9MlTUpLrDHubTmW4SrkL3kkqW5gxwbxMMUnbbRHBC0WTZnYHcjDSCM559VyfA==",
      "license": "BSD-3-Clause",
      "peer": true,
      "dependencies": {
        "@types/trusted-types": "^2.0.2"
      }
    },
    "node_modules/prettier": {
      "version": "3.3.3",
      "resolved": "https://registry.npmjs.org/prettier/-/prettier-3.3.3.tgz",
      "integrity": "sha512-i2tDNA0O5IrMO757lfrdQZCc2jPNDVntV0m/+4whiDfWaTKfMNgR7Qz0NAeGz/nRqF4m5/6CLzbP4/liHt12Ew==",
      "license": "MIT",
      "bin": {
        "prettier": "bin/prettier.cjs"
      },
      "engines": {
        "node": ">=14"
      },
      "funding": {
        "url": "https://github.com/prettier/prettier?sponsor=1"
      }
    },
    "node_modules/tslib": {
      "version": "2.6.3",
      "resolved": "https://registry.npmjs.org/tslib/-/tslib-2.6.3.tgz",
      "integrity": "sha512-xNvxJEOUiWPGhUuUdQgAJPKOOJfGnIyKySOc09XkKsgdUV/3E2zvwZYdejjmRgPCgcym1juLH3226yA7sEFJKQ==",
      "dev": true,
      "license": "0BSD"
    }
  }
}
